github.com/0xrawsec/gene v1.6.4 h1:GRS9eUzOBPh+pa+dKennubQURhwJVDZn8/dzWRypriM=
github.com/0xrawsec/gene v1.6.4/go.mod h1:BpgWF+kapIgjKJW/ZLq66mIHRSde6FRpiwpcXSbmUas=
github.com/0xrawsec/gene v1.6.5 h1:6LrQaW68HbmdLSifuX6wDcq82eY0Mq/Fbq+wqE+mrZ0=
github.com/0xrawsec/gene v1.6.5/go.mod h1:BpgWF+kapIgjKJW/ZLq66mIHRSde6FRpiwpcXSbmUas=
github.com/0xrawsec/gene v1.6.6 h1:iJech4hnCVyEE5Cb8+3wRBvaWj16UXkvqB6u2EJWC5I=
github.com/0xrawsec/gene v1.6.6/go.mod h1:BpgWF+kapIgjKJW/ZLq66mIHRSde6FRpiwpcXSbmUas=
github.com/0xrawsec/gene v1.6.7 h1:QJnGBCplVyMVbUpRmJ43z042TOKfwcQM1uPCrSzHgcM=
github.com/0xrawsec/gene v1.6.7/go.mod h1:BpgWF+kapIgjKJW/ZLq66mIHRSde6FRpiwpcXSbmUas=
github.com/0xrawsec/gene v1.6.8 h1:04K9FF/IgL0AmvnMyteTC1zWfUb7+MWzzoDG1WT4lwM=
github.com/0xrawsec/gene v1.6.8/go.mod h1:BpgWF+kapIgjKJW/ZLq66mIHRSde6FRpiwpcXSbmUas=
github.com/0xrawsec/gene v1.6.9 h1:RKQa1JBKOfSHRRVfGbFiw3Ui6c0EVJfiR0ugAlFbp7E=
github.com/0xrawsec/gene v1.6.9/go.mod h1:BpgWF+kapIgjKJW/ZLq66mIHRSde6FRpiwpcXSbmUas=
github.com/0xrawsec/golang-evtx v1.2.4 h1:9ChVrqXWwZZ6NkN/xlWne32Qtkh23NSQYLJqH1DMMZ0=
github.com/0xrawsec/golang-evtx v1.2.4/go.mod h1:RD+lv9ndoM/7XwvS5XViI51yAp5PDtVVJf8FM6Muro0=
github.com/0xrawsec/golang-evtx v1.2.5 h1:PSri/6YSXlvcEZT1Ib6KNRauxpf74Bk94TJWpQbCE4Y=
github.com/0xrawsec/golang-evtx v1.2.5/go.mod h1:RD+lv9ndoM/7XwvS5XViI51yAp5PDtVVJf8FM6Muro0=
github.com/0xrawsec/golang-evtx v1.2.6 h1:3xVtjitLFGGIYyIDeDMeC/K0p9zJm5Hjxs+aaVyj8So=
github.com/0xrawsec/golang-evtx v1.2.6/go.mod h1:YamigAawNZtVBX39ksMQO3EWiXpTdrh7Hddo8pP65D8=
github.com/0xrawsec/golang-evtx v1.2.7 h1:sHJ96Z4v6ypkTKwx1PlqvdB3dkpiJsMAykBpb6zhNkY=
github.com/0xrawsec/golang-evtx v1.2.7/go.mod h1:YamigAawNZtVBX39ksMQO3EWiXpTdrh7Hddo8pP65D8=
github.com/0xrawsec/golang-misp v1.0.3 h1:Y8fciKDbcRFPfmWOqlEaSOjJwe5Khx9v6FE5VDCCgNI=
github.com/0xrawsec/golang-misp v1.0.3/go.mod h1:bF7MZPgPQFPtsXPvRLcIdrs09fZV7zYDRBKpLltd6oA=
github.com/0xrawsec/golang-utils v1.1.0 h1:opQAwRONEfxOOl4nxhpPkXiTYgzAw0/wFATAffNjdII=
github.com/0xrawsec/golang-utils v1.1.0/go.mod h1:DADTtCFY10qXjWmUVhhJqQIZdSweaHH4soYUDEi8mj0=
github.com/0xrawsec/golang-utils v1.1.3 h1:ESJhyY4aGuiP4hmDcDNjoL/cc7SWDZVfgg4dEON9eIc=
github.com/0xrawsec/golang-utils v1.1.3/go.mod h1:DADTtCFY10qXjWmUVhhJqQIZdSweaHH4soYUDEi8mj0=
github.com/0xrawsec/golang-utils v1.1.8 h1:9TzAKzC7+V2IXaV/3Y1aXiUFHeShL3BXcfL6BheAEH0=
github.com/0xrawsec/golang-utils v1.1.8/go.mod h1:DADTtCFY10qXjWmUVhhJqQIZdSweaHH4soYUDEi8mj0=
github.com/0xrawsec/golang-win32 v1.0.6 h1:wVvfd+trSeUkG6m5TFzeBtWHSHetfhPO3b5MVjTgsWk=
github.com/0xrawsec/golang-win32 v1.0.6/go.mod h1:MAxVU7dr8lujwknuhf4TwjYm8tVEELi2zwx1zDTu/RM=
github.com/0xrawsec/golang-win32 v1.0.7 h1:GJH0+QPzjNwMux+ziD7tdmmjO8lQklqdy4+Ktp5sPB8=
github.com/0xrawsec/golang-win32 v1.0.7/go.mod h1:XBEh/JhPosCBiqLCoJsyyKF/+EdwbLaGxQOCsqGEMnQ=
github.com/0xrawsec/golang-win32 v1.0.8 h1:nf3MLXnwIOfcjYiHtOCb3tQ6mznWZyhaJErtykY66ok=
github.com/0xrawsec/golang-win32 v1.0.8/go.mod h1:XBEh/JhPosCBiqLCoJsyyKF/+EdwbLaGxQOCsqGEMnQ=
github.com/0xrawsec/golang-win32 v1.0.9 h1:JOrMl4Sw4GqlXE9HTsbwEIobdrqO0eZVq4sdVmBBpgY=
github.com/0xrawsec/golang-win32 v1.0.9/go.mod h1:XBEh/JhPosCBiqLCoJsyyKF/+EdwbLaGxQOCsqGEMnQ=
github.com/0xrawsec/mux v1.6.2 h1:cc2OyJTxRmXxsmQe2ulp0VndXV8vZIRrc1JqQzJ4BMI=
github.com/0xrawsec/mux v1.6.2/go.mod h1:CiOvEAd+RMn8YOtCs1b5QfWe7P8G4olvTmzzNbERonY=
github.com/davecgh/go-spew v1.1.0/go.mod h1:J7Y8YcW2NihsgmVo/mv3lAwl/skON4iLHjSsI+c5H38=
github.com/davecgh/go-spew v1.1.1/go.mod h1:J7Y8YcW2NihsgmVo/mv3lAwl/skON4iLHjSsI+c5H38=
github.com/golang/snappy v0.0.1/go.mod h1:/XxbfmMg8lxefKM7IXC3fBNl/7bRcc72aCRzEWrmP2Q=
github.com/google/shlex v0.0.0-20191202100458-e7afc7fbc510 h1:El6M4kTTCOh6aBiKaUGG7oYTSPP8MxqL4YI3kZKwcP4=
github.com/google/shlex v0.0.0-20191202100458-e7afc7fbc510/go.mod h1:pupxD2MaaD3pAXIBCelhxNneeOaAeabZDe5s4K6zSpQ=
github.com/google/uuid v1.1.2 h1:EVhdT+1Kseyi1/pUmXKaFxYsDNy9RQYkMWRH68J/W7Y=
github.com/google/uuid v1.1.2/go.mod h1:TIyPZe4MgqvfeYDBFedMoGGpEw/LqOeaOT+nhxU+yHo=
github.com/gorilla/context v1.1.1 h1:AWwleXJkX/nhcU9bZSnZoi3h/qGYqQAGhq6zZe/aQW8=
github.com/gorilla/context v1.1.1/go.mod h1:kBGZzfjB9CEq2AlWe17Uuf7NDRt0dE0s8S51q0aT7Yg=
github.com/gorilla/mux v1.8.0 h1:i40aqfkR1h2SlN9hojwV5ZA91wcXFOvkdNIeFDP5koI=
github.com/gorilla/mux v1.8.0/go.mod h1:DVbg23sWSpFRCP0SfiEN6jmj59UnW/n46BH5rLB71So=
github.com/kr/fs v0.1.0/go.mod h1:FFnZGqtBN9Gxj7eW1uZ42v5BccTP0vu6NEaFoC2HwRg=
github.com/pelletier/go-toml v1.8.1 h1:1Nf83orprkJyknT6h7zbuEGUEjcyVlCxSUGTENmNCRM=
github.com/pelletier/go-toml v1.8.1/go.mod h1:T2/BmBdy8dvIRq1a/8aqjN41wvWlN4lrapLU/GW4pbc=
github.com/pkg/errors v0.8.1/go.mod h1:bwawxfHBFNV+L2hUp1rHADufV3IMtnDRdf1r5NINEl0=
github.com/pkg/sftp v1.10.0/go.mod h1:NxmoDg/QLVWluQDUYG7XBZTLUpKeFa8e3aMf1BfjyHk=
github.com/pkg/sftp v1.10.1/go.mod h1:lYOWFsE0bwd1+KfKJaKeuokY15vzFx25BLbzYYoAxZI=
github.com/pmezard/go-difflib v1.0.0/go.mod h1:iKH77koFhYxTK1pcRnkKkqfTogsbg7gZNVY4sRDYZ/4=
github.com/segmentio/kafka-go v0.2.2/go.mod h1:X6itGqS9L4jDletMsxZ7Dz+JFWxM6JHfPOCvTvk+EJo=
github.com/stretchr/objx v0.1.0/go.mod h1:HFkY916IF+rwdDfMAkV7OtwuqBVzrE8GR6GFx+wExME=
github.com/stretchr/objx v0.2.0/go.mod h1:qt09Ya8vawLte6SNmTgCsAVtYtaKzEcn8ATUoHMkEqE=
github.com/stretchr/testify v1.3.0/go.mod h1:M5WIy9Dh21IEIfnGCwXGc5bZfKNJtfHm1UVUgZn+9EI=
github.com/stretchr/testify v1.4.0/go.mod h1:j7eGeouHqKxXV5pUuKE4zz7dFj8WfuZ+81PSLYec5m4=
golang.org/x/crypto v0.0.0-20190308221718-c2843e01d9a2/go.mod h1:djNgcEr1/C05ACkg1iLfiJU5Ep61QUkGW8qpdssI0+w=
golang.org/x/crypto v0.0.0-20190320223903-b7391e95e576/go.mod h1:djNgcEr1/C05ACkg1iLfiJU5Ep61QUkGW8qpdssI0+w=
golang.org/x/crypto v0.0.0-20190621222207-cc06ce4a13d4/go.mod h1:yigFU9vqHzYiE8UmvKecakEJjdnWj3jj499lnFckfCI=
golang.org/x/crypto v0.0.0-20190820162420-60c769a6c586/go.mod h1:yigFU9vqHzYiE8UmvKecakEJjdnWj3jj499lnFckfCI=
golang.org/x/crypto v0.0.0-20190909091759-094676da4a83/go.mod h1:yigFU9vqHzYiE8UmvKecakEJjdnWj3jj499lnFckfCI=
golang.org/x/net v0.0.0-20190311183353-d8887717615a/go.mod h1:t9HGtf8HONx5eT2rtn7q6eTqICYqUVnKs3thJo3Qplg=
golang.org/x/net v0.0.0-20190320064053-1272bf9dcd53/go.mod h1:t9HGtf8HONx5eT2rtn7q6eTqICYqUVnKs3thJo3Qplg=
golang.org/x/net v0.0.0-20190404232315-eb5bcb51f2a3/go.mod h1:t9HGtf8HONx5eT2rtn7q6eTqICYqUVnKs3thJo3Qplg=
golang.org/x/net v0.0.0-20190620200207-3b0461eec859/go.mod h1:z5CRVTTTmAJ677TzLLGU+0bjPO0LkuOLi4/5GtJWs/s=
golang.org/x/net v0.0.0-20190909003024-a7b16738d86b/go.mod h1:z5CRVTTTmAJ677TzLLGU+0bjPO0LkuOLi4/5GtJWs/s=
golang.org/x/sync v0.0.0-20190423024810-112230192c58/go.mod h1:RxMgew5VJxzue5/jJTE5uejpjVlOe/izrB70Jof72aM=
golang.org/x/sys v0.0.0-20190215142949-d0b11bdaac8a/go.mod h1:STP8DvDyc/dI5b8T5hshtkjS+E42TnysNCUPdjciGhY=
golang.org/x/sys v0.0.0-20190321052220-f7bb7a8bee54/go.mod h1:h1NjWce9XRLGQEsW7wpKNCjG9DtNlClVuFLEZdDNbEs=
golang.org/x/sys v0.0.0-20190412213103-97732733099d/go.mod h1:h1NjWce9XRLGQEsW7wpKNCjG9DtNlClVuFLEZdDNbEs=
golang.org/x/sys v0.0.0-20190626150813-e07cf5db2756/go.mod h1:h1NjWce9XRLGQEsW7wpKNCjG9DtNlClVuFLEZdDNbEs=
golang.org/x/sys v0.0.0-20190909082730-f460065e899a h1:mIzbOulag9/gXacgxKlFVwpCOWSfBT3/pDyyCwGA9as=
golang.org/x/sys v0.0.0-20190909082730-f460065e899a/go.mod h1:h1NjWce9XRLGQEsW7wpKNCjG9DtNlClVuFLEZdDNbEs=
golang.org/x/text v0.3.0/go.mod h1:NqM8EUOU14njkJ3fqMW+pc6Ldnwhi/IjpwHt7yyuwOQ=
golang.org/x/text v0.3.2/go.mod h1:bEr9sfX3Q8Zfm5fL9x+3itogRgK3+ptLWKqgva+5dAk=
golang.org/x/tools v0.0.0-20180917221912-90fa682c2a6e/go.mod h1:n7NCudcB/nEzxVGmLbDWY5pfWTLqBcC2KZ6jyYvM4mQ=
golang.org/x/tools v0.0.0-20190320215829-36c10c0a621f/go.mod h1:LCzVGOaR6xXOjkQ3onu1FJEFr0SW1gC7cKk1uF8kGRs=
golang.org/x/tools v0.0.0-20190321211322-a94d7df2cbc8/go.mod h1:LCzVGOaR6xXOjkQ3onu1FJEFr0SW1gC7cKk1uF8kGRs=
golang.org/x/tools v0.0.0-20190625160430-252024b82959/go.mod h1:/rFqwRUd4F7ZHNgwSSTFct+R/Kf4OFW1sUzUTQQTgfc=
golang.org/x/tools v0.0.0-20190909194007-75be6cdcda07/go.mod h1:b+2E5dAYhXwXZwtnZ6UAqBI28+e2cm9otk0dWdXHAEo=
golang.org/x/xerrors v0.0.0-20190717185122-a985d3407aa7/go.mod h1:I/5z698sn9Ka8TeJc9MKroUUfqBBauWjQqLJ2OPfmY0=
gopkg.in/check.v1 v0.0.0-20161208181325-20d25e280405/go.mod h1:Co6ibVJAznAaIkqp8huTwlJQCZ016jof/cbN4VW5Yz0=
gopkg.in/check.v1 v1.0.0-20190902080502-41f04d3bba15/go.mod h1:Co6ibVJAznAaIkqp8huTwlJQCZ016jof/cbN4VW5Yz0=
gopkg.in/yaml.v2 v2.2.2/go.mod h1:hI93XBmqTisBFMUTm0b8Fm+jr3Dg1NNxqwp+5A1VGuI=
