github.com/0xrawsec/crony v0.0.0 h1:0tiAWTPwAqnZKul5TmlzHDLLDXPUSNKK0g5NfZs4O4k=
github.com/0xrawsec/crony v0.0.0/go.mod h1:4MUBMHBeM5HKSUIDXYU7nkmny/pUBHXqg5ZXXC9coe0=
github.com/0xrawsec/crony v1.0.0 h1:jqeN9ACwu8ZyZ8dMnVunqAFYkibxGpe5knmEixi8P9Q=
github.com/0xrawsec/crony v1.0.0/go.mod h1:4MUBMHBeM5HKSUIDXYU7nkmny/pUBHXqg5ZXXC9coe0=
github.com/0xrawsec/crony v1.0.1 h1:DpkkcuvFYEgHyrm0CxeVYPxsRmEO2qX043s3SDTHaH8=
github.com/0xrawsec/crony v1.0.1/go.mod h1:4MUBMHBeM5HKSUIDXYU7nkmny/pUBHXqg5ZXXC9coe0=
github.com/0xrawsec/gene/v2 v2.2.0 h1:0BcsNszFZr6moySryuB8BpAyuiMRvV+sENYH5hLMd4w=
github.com/0xrawsec/gene/v2 v2.2.0/go.mod h1:gpXuOpA823ZWvDU7Rn3lt3VWYibJedKXPzsm7kw0XtM=
github.com/0xrawsec/golang-etw v1.4.4 h1:f9Cz6jq6s2ZNPzTtkHFSPKVeTivtK4xfQBuBWOxNYEM=
github.com/0xrawsec/golang-etw v1.4.4/go.mod h1:wxqBXEEp7NYwW8OnzmY2Titl4blVZbW4cD004pkxjeo=
github.com/0xrawsec/golang-etw v1.4.5 h1:zDGh/uSyLWwUF87F7AuF5SXh9PcPfsWXifmrw7eUgE4=
github.com/0xrawsec/golang-etw v1.4.5/go.mod h1:wxqBXEEp7NYwW8OnzmY2Titl4blVZbW4cD004pkxjeo=
github.com/0xrawsec/golang-evtx v1.2.9 h1:DaL2BICXf3vnCkqsPIwth1Qpfsv4+UYdZ0zTajwYqrI=
github.com/0xrawsec/golang-evtx v1.2.9/go.mod h1:1dWPugn8hfETOcaZAdu70QWkeVLvT9AUUFz0j+caV00=
github.com/0xrawsec/golang-utils v1.1.3/go.mod h1:DADTtCFY10qXjWmUVhhJqQIZdSweaHH4soYUDEi8mj0=
github.com/0xrawsec/golang-utils v1.1.8/go.mod h1:DADTtCFY10qXjWmUVhhJqQIZdSweaHH4soYUDEi8mj0=
github.com/0xrawsec/golang-utils v1.3.0/go.mod h1:DADTtCFY10qXjWmUVhhJqQIZdSweaHH4soYUDEi8mj0=
github.com/0xrawsec/golang-utils v1.3.1 h1:jjiBzsxzcQPkmEV5KONJY4OnCoqTTW1eQMJcpSdk3hw=
github.com/0xrawsec/golang-utils v1.3.1/go.mod h1:DADTtCFY10qXjWmUVhhJqQIZdSweaHH4soYUDEi8mj0=
github.com/0xrawsec/golang-win32 v1.0.6/go.mod h1:MAxVU7dr8lujwknuhf4TwjYm8tVEELi2zwx1zDTu/RM=
github.com/0xrawsec/golang-win32 v1.0.10 h1:2/+XrkpOEa9WndZtAWBnvwi+d+paGc5bRWruJx91fmQ=
github.com/0xrawsec/golang-win32 v1.0.10/go.mod h1:XBEh/JhPosCBiqLCoJsyyKF/+EdwbLaGxQOCsqGEMnQ=
github.com/0xrawsec/golang-win32 v1.0.11 h1:NhYqmKjI6HKqeUjlcVmJH4JilMIKEbuhlpVDcZQoTv0=
github.com/0xrawsec/golang-win32 v1.0.11/go.mod h1:LDGq8VzCwLZccK1qg7oKBc8n5DmPLi79w+wjew1UApg=
github.com/0xrawsec/golang-win32 v1.0.12 h1:n7KxFvO2cMr9MrXMlt+F54kLHcQBp0bBjR0wegb+h7Y=
github.com/0xrawsec/golang-win32 v1.0.12/go.mod h1:LDGq8VzCwLZccK1qg7oKBc8n5DmPLi79w+wjew1UApg=
github.com/0xrawsec/sod v1.5.2 h1:fNPyyljEip3ybIOox+94/WiW1Kfphk+rb35Ou0SfDsY=
github.com/0xrawsec/sod v1.5.2/go.mod h1:AWB2VrKUriy5RZff2qmYkEtjcCS8NBYp0E/TUdoo+fE=
github.com/0xrawsec/sod v1.6.0 h1:zMfgw+iP3KQbdTNPuzFuqHeE46pJxvEvETgWF4Hzw7g=
github.com/0xrawsec/sod v1.6.0/go.mod h1:AWB2VrKUriy5RZff2qmYkEtjcCS8NBYp0E/TUdoo+fE=
github.com/0xrawsec/sod v1.6.1 h1:gHAIc1+q/dDp86bRceX1e6yHDrtaYJ6u2TZX5vibE/A=
github.com/0xrawsec/sod v1.6.1/go.mod h1:AWB2VrKUriy5RZff2qmYkEtjcCS8NBYp0E/TUdoo+fE=
github.com/0xrawsec/sod v1.6.2 h1:o923nmpn4UvP5D7tK1KO40jrmgZUhx/E67Mejvu/8CA=
github.com/0xrawsec/sod v1.6.2/go.mod h1:AWB2VrKUriy5RZff2qmYkEtjcCS8NBYp0E/TUdoo+fE=
github.com/0xrawsec/sod v1.6.3 h1:osUX753wTLEl3O5wUXturyMk0jM3Y0ATxABc4y80LSs=
github.com/0xrawsec/sod v1.6.3/go.mod h1:AWB2VrKUriy5RZff2qmYkEtjcCS8NBYp0E/TUdoo+fE=
github.com/0xrawsec/sod v1.6.4 h1:7Ipx1SGvvNGBnkXU+Pn+xHqt+gaK4sMg5oMfY2LhKZo=
github.com/0xrawsec/sod v1.6.4/go.mod h1:AWB2VrKUriy5RZff2qmYkEtjcCS8NBYp0E/TUdoo+fE=
github.com/0xrawsec/sod v1.6.5 h1:au8Y8gz3kw8kPRZoOsGY5dSCqTJHTAG9kugNmvytf18=
github.com/0xrawsec/sod v1.6.5/go.mod h1:AWB2VrKUriy5RZff2qmYkEtjcCS8NBYp0E/TUdoo+fE=
github.com/0xrawsec/sod v1.6.6 h1:xNyyePlY7ePtOrQWqtmJMN0JgTeZf1dVjXFULE+G+WQ=
github.com/0xrawsec/sod v1.6.6/go.mod h1:AWB2VrKUriy5RZff2qmYkEtjcCS8NBYp0E/TUdoo+fE=
github.com/0xrawsec/sod v1.6.7 h1:AyCQsvw37w0rVJWenr574wvQo009LwbgfDMyJJHcHW8=
github.com/0xrawsec/sod v1.6.7/go.mod h1:AWB2VrKUriy5RZff2qmYkEtjcCS8NBYp0E/TUdoo+fE=
github.com/0xrawsec/sod v1.6.8 h1:v/xJwQBJlTR1Lgy7qWC7iRLM+lAoOJaauR72rm8RbyU=
github.com/0xrawsec/sod v1.6.8/go.mod h1:AWB2VrKUriy5RZff2qmYkEtjcCS8NBYp0E/TUdoo+fE=
github.com/0xrawsec/sod v1.6.9 h1:6fqhbXkL6X3S1fssBiaanxTiZxjKCWacNVP5awrQDNY=
github.com/0xrawsec/sod v1.6.9/go.mod h1:AWB2VrKUriy5RZff2qmYkEtjcCS8NBYp0E/TUdoo+fE=
github.com/0xrawsec/toast v0.0.0-20220211080932-a94241fb765c h1:/em94EHyMG3w2urfF6ngaqjlE3URJZ9s7vohrxfKANk=
github.com/0xrawsec/toast v0.0.0-20220211080932-a94241fb765c/go.mod h1:sRvfNYxqVoH1sZnE18s9Knm/lkbarTGNvaNVBf2/h1k=
github.com/0xrawsec/toast v0.0.0-20220211084149-1dc8dff5960a h1:+wxPa8TWkeY2nisOMUeWfHCIJGQ4T8e1j5RexRYwtxY=
github.com/0xrawsec/toast v0.0.0-20220211084149-1dc8dff5960a/go.mod h1:sRvfNYxqVoH1sZnE18s9Knm/lkbarTGNvaNVBf2/h1k=
github.com/0xrawsec/toast v1.0.1 h1:4TLqTtzd2Wc/6049yQP4dnqy+U/C78MUUbkRh8DCBeI=
github.com/0xrawsec/toast v1.0.1/go.mod h1:sRvfNYxqVoH1sZnE18s9Knm/lkbarTGNvaNVBf2/h1k=
github.com/0xrawsec/toast v1.1.0 h1:UwkT2vLClt6BK1tgncqHcb7PQxfuLpHMYm7pzrfmewI=
github.com/0xrawsec/toast v1.1.0/go.mod h1:sRvfNYxqVoH1sZnE18s9Knm/lkbarTGNvaNVBf2/h1k=
github.com/0xrawsec/toast v1.1.1 h1:5tuZxo1PTtpxtstolDe433b/iNhx6Onh4RZEu9rbMAU=
github.com/0xrawsec/toast v1.1.1/go.mod h1:sRvfNYxqVoH1sZnE18s9Knm/lkbarTGNvaNVBf2/h1k=
github.com/golang/snappy v0.0.1/go.mod h1:/XxbfmMg8lxefKM7IXC3fBNl/7bRcc72aCRzEWrmP2Q=
github.com/google/shlex v0.0.0-20191202100458-e7afc7fbc510 h1:El6M4kTTCOh6aBiKaUGG7oYTSPP8MxqL4YI3kZKwcP4=
github.com/google/shlex v0.0.0-20191202100458-e7afc7fbc510/go.mod h1:pupxD2MaaD3pAXIBCelhxNneeOaAeabZDe5s4K6zSpQ=
github.com/google/uuid v1.3.0 h1:t6JiXgmwXMjEs8VusXIJk2BXHsn+wx8BZdTaoZ5fu7I=
github.com/google/uuid v1.3.0/go.mod h1:TIyPZe4MgqvfeYDBFedMoGGpEw/LqOeaOT+nhxU+yHo=
github.com/gorilla/mux v1.8.0 h1:i40aqfkR1h2SlN9hojwV5ZA91wcXFOvkdNIeFDP5koI=
github.com/gorilla/mux v1.8.0/go.mod h1:DVbg23sWSpFRCP0SfiEN6jmj59UnW/n46BH5rLB71So=
github.com/gorilla/websocket v1.4.2 h1:+/TMaTYc4QFitKJxsQ7Yye35DkWvkdLcvGKqM+x0Ufc=
github.com/gorilla/websocket v1.4.2/go.mod h1:YR8l580nyteQvAITg2hZ9XVh4b55+EU/adAjf1fMHhE=
github.com/kr/fs v0.1.0/go.mod h1:FFnZGqtBN9Gxj7eW1uZ42v5BccTP0vu6NEaFoC2HwRg=
github.com/pelletier/go-toml v1.9.3 h1:zeC5b1GviRUyKYd6OJPvBU/mcVDVoL1OhT17FCt5dSQ=
github.com/pelletier/go-toml v1.9.3/go.mod h1:u1nR/EPcESfeI/szUZKdtJ0xRNbUoANCkoOuaOx1Y+c=
github.com/pkg/errors v0.8.1/go.mod h1:bwawxfHBFNV+L2hUp1rHADufV3IMtnDRdf1r5NINEl0=
github.com/pkg/sftp v1.10.0/go.mod h1:NxmoDg/QLVWluQDUYG7XBZTLUpKeFa8e3aMf1BfjyHk=
github.com/segmentio/kafka-go v0.2.2/go.mod h1:X6itGqS9L4jDletMsxZ7Dz+JFWxM6JHfPOCvTvk+EJo=
golang.org/x/crypto v0.0.0-20190308221718-c2843e01d9a2/go.mod h1:djNgcEr1/C05ACkg1iLfiJU5Ep61QUkGW8qpdssI0+w=
golang.org/x/crypto v0.0.0-20190621222207-cc06ce4a13d4/go.mod h1:yigFU9vqHzYiE8UmvKecakEJjdnWj3jj499lnFckfCI=
golang.org/x/net v0.0.0-20190311183353-d8887717615a/go.mod h1:t9HGtf8HONx5eT2rtn7q6eTqICYqUVnKs3thJo3Qplg=
golang.org/x/net v0.0.0-20190404232315-eb5bcb51f2a3/go.mod h1:t9HGtf8HONx5eT2rtn7q6eTqICYqUVnKs3thJo3Qplg=
golang.org/x/net v0.0.0-20190620200207-3b0461eec859/go.mod h1:z5CRVTTTmAJ677TzLLGU+0bjPO0LkuOLi4/5GtJWs/s=
golang.org/x/sync v0.0.0-20190423024810-112230192c58/go.mod h1:RxMgew5VJxzue5/jJTE5uejpjVlOe/izrB70Jof72aM=
golang.org/x/sys v0.0.0-20190215142949-d0b11bdaac8a/go.mod h1:STP8DvDyc/dI5b8T5hshtkjS+E42TnysNCUPdjciGhY=
golang.org/x/sys v0.0.0-20190412213103-97732733099d/go.mod h1:h1NjWce9XRLGQEsW7wpKNCjG9DtNlClVuFLEZdDNbEs=
golang.org/x/sys v0.0.0-20190626150813-e07cf5db2756/go.mod h1:h1NjWce9XRLGQEsW7wpKNCjG9DtNlClVuFLEZdDNbEs=
golang.org/x/sys v0.0.0-20190909082730-f460065e899a h1:mIzbOulag9/gXacgxKlFVwpCOWSfBT3/pDyyCwGA9as=
golang.org/x/sys v0.0.0-20190909082730-f460065e899a/go.mod h1:h1NjWce9XRLGQEsW7wpKNCjG9DtNlClVuFLEZdDNbEs=
golang.org/x/text v0.3.0/go.mod h1:NqM8EUOU14njkJ3fqMW+pc6Ldnwhi/IjpwHt7yyuwOQ=
golang.org/x/text v0.3.2/go.mod h1:bEr9sfX3Q8Zfm5fL9x+3itogRgK3+ptLWKqgva+5dAk=
golang.org/x/tools v0.0.0-20180917221912-90fa682c2a6e/go.mod h1:n7NCudcB/nEzxVGmLbDWY5pfWTLqBcC2KZ6jyYvM4mQ=
golang.org/x/tools v0.0.0-20190320215829-36c10c0a621f/go.mod h1:LCzVGOaR6xXOjkQ3onu1FJEFr0SW1gC7cKk1uF8kGRs=
golang.org/x/tools v0.0.0-20190625160430-252024b82959 h1:VuVDXrx1TCtYGfuoKtAHdDqlDBF4b1ygX9yjx+WokdE=
golang.org/x/tools v0.0.0-20190625160430-252024b82959/go.mod h1:/rFqwRUd4F7ZHNgwSSTFct+R/Kf4OFW1sUzUTQQTgfc=
