github.com/0xrawsec/gene v1.4.3 h1:d6IkGMwhG/fMK7YTPyYMvl1V/w/XrY1mGqW2Gzkfeag=
github.com/0xrawsec/gene v1.4.3/go.mod h1:2MuPfc4UcUUOA4Lr4K6OmukxTmukIp1jU8soUr51E5k=
github.com/0xrawsec/gene v1.4.4 h1:ktDiioGChlsflGLBq4FBUx/Gk9ipei4KFokD4VwK7BE=
github.com/0xrawsec/gene v1.4.4/go.mod h1:2MuPfc4UcUUOA4Lr4K6OmukxTmukIp1jU8soUr51E5k=
github.com/0xrawsec/gene v1.4.5 h1:z9FQB11NLVHvvvx91dwwWg1zcsSImTI9/UtPEnONBH0=
github.com/0xrawsec/gene v1.4.5/go.mod h1:2MuPfc4UcUUOA4Lr4K6OmukxTmukIp1jU8soUr51E5k=
github.com/0xrawsec/gene v1.4.6 h1:k1gtVUQNMnrNUVNKzqW+GxrdRVQzB386HeZjZJkJlBM=
github.com/0xrawsec/gene v1.4.6/go.mod h1:2MuPfc4UcUUOA4Lr4K6OmukxTmukIp1jU8soUr51E5k=
github.com/0xrawsec/gene v1.4.7 h1:WW/csKpT2C3688jvASIOBxkoJiGJ5pQTd9lnTL+9GUc=
github.com/0xrawsec/gene v1.4.7/go.mod h1:2MuPfc4UcUUOA4Lr4K6OmukxTmukIp1jU8soUr51E5k=
github.com/0xrawsec/gene v1.4.8 h1:PqyBiChRujY9mUDot+YGcvY41E2wCea0AP7QEzRItZ4=
github.com/0xrawsec/gene v1.4.8/go.mod h1:2MuPfc4UcUUOA4Lr4K6OmukxTmukIp1jU8soUr51E5k=
github.com/0xrawsec/gene v1.6.1 h1:QQQBETEbn3AD+Yz0Nqj/fz3pS94jFb67P/YfVkXelV0=
github.com/0xrawsec/gene v1.6.1/go.mod h1:2MuPfc4UcUUOA4Lr4K6OmukxTmukIp1jU8soUr51E5k=
github.com/0xrawsec/gene v1.6.2 h1:NpvPB80FADIRewR52a4yIF1OBM9ZpaosBo8AkU3ZK3w=
github.com/0xrawsec/gene v1.6.2/go.mod h1:2MuPfc4UcUUOA4Lr4K6OmukxTmukIp1jU8soUr51E5k=
github.com/0xrawsec/golang-evtx v1.2.0 h1:SFv2zXo3Z9PWsY4yLIWcM8KkEsib2LnWsYgcC8XVcjU=
github.com/0xrawsec/golang-evtx v1.2.0/go.mod h1:RD+lv9ndoM/7XwvS5XViI51yAp5PDtVVJf8FM6Muro0=
github.com/0xrawsec/golang-evtx v1.2.1 h1:mPwUavxoQx8r1EZN3Qre9vAEzDnIiHJQ/qufpsOT4fo=
github.com/0xrawsec/golang-evtx v1.2.1/go.mod h1:RD+lv9ndoM/7XwvS5XViI51yAp5PDtVVJf8FM6Muro0=
github.com/0xrawsec/golang-utils v1.1.0 h1:opQAwRONEfxOOl4nxhpPkXiTYgzAw0/wFATAffNjdII=
github.com/0xrawsec/golang-utils v1.1.0/go.mod h1:DADTtCFY10qXjWmUVhhJqQIZdSweaHH4soYUDEi8mj0=
github.com/0xrawsec/golang-utils v1.1.1 h1:HlwVs5lHl5rK2DhB1eDlf+J9hOKBHEObQCWXFcQ4GE0=
github.com/0xrawsec/golang-utils v1.1.1/go.mod h1:DADTtCFY10qXjWmUVhhJqQIZdSweaHH4soYUDEi8mj0=
github.com/0xrawsec/golang-utils v1.1.2 h1:7XHIpeCltIf+s70JOnYCMEIVsthZwRGlu6041J9tE9o=
github.com/0xrawsec/golang-utils v1.1.2/go.mod h1:DADTtCFY10qXjWmUVhhJqQIZdSweaHH4soYUDEi8mj0=
github.com/0xrawsec/golang-utils v1.1.3 h1:ESJhyY4aGuiP4hmDcDNjoL/cc7SWDZVfgg4dEON9eIc=
github.com/0xrawsec/golang-utils v1.1.3/go.mod h1:DADTtCFY10qXjWmUVhhJqQIZdSweaHH4soYUDEi8mj0=
github.com/0xrawsec/golang-utils v1.1.4 h1:3PpB1Jihd5XuDGu4YuIP3UerdmzrG6UFqYfkXs8aPC0=
github.com/0xrawsec/golang-utils v1.1.4/go.mod h1:DADTtCFY10qXjWmUVhhJqQIZdSweaHH4soYUDEi8mj0=
github.com/0xrawsec/golang-utils v1.1.5 h1:Bwu7bxKx84ohziRkPOzpRDKt1lON7Cth6VljRNXzMdI=
github.com/0xrawsec/golang-utils v1.1.5/go.mod h1:DADTtCFY10qXjWmUVhhJqQIZdSweaHH4soYUDEi8mj0=
github.com/0xrawsec/golang-utils v1.1.6 h1:Tk7rauinZbrMVWKYY9qdZkfQYpep4e7LOsEa0ArN+Wo=
github.com/0xrawsec/golang-utils v1.1.6/go.mod h1:DADTtCFY10qXjWmUVhhJqQIZdSweaHH4soYUDEi8mj0=
github.com/0xrawsec/golang-utils v1.1.7 h1:9MSnifs6yprNtUjFEkuTI0K2h+3AAtdsB0PyrZL89jI=
github.com/0xrawsec/golang-utils v1.1.7/go.mod h1:DADTtCFY10qXjWmUVhhJqQIZdSweaHH4soYUDEi8mj0=
github.com/0xrawsec/golang-utils v1.1.8 h1:9TzAKzC7+V2IXaV/3Y1aXiUFHeShL3BXcfL6BheAEH0=
github.com/0xrawsec/golang-utils v1.1.8/go.mod h1:DADTtCFY10qXjWmUVhhJqQIZdSweaHH4soYUDEi8mj0=
github.com/0xrawsec/golang-win32 v1.0.0 h1:vxraJixIhyq63Y4h/58j/m6X5iT2LxonTTllz64pP4E=
github.com/0xrawsec/golang-win32 v1.0.0/go.mod h1:jSzAgD20VWKep8qW89ZjgAx0NcIjfPSDteYDoNqSZ2g=
github.com/0xrawsec/golang-win32 v1.0.1 h1:3ycRpMp0FUNOfOafcQozEaNn2BzloilvVVzuQgesG0I=
github.com/0xrawsec/golang-win32 v1.0.1/go.mod h1:jSzAgD20VWKep8qW89ZjgAx0NcIjfPSDteYDoNqSZ2g=
github.com/0xrawsec/golang-win32 v1.0.2 h1:GbNJM22TQGZ6CEIgffWEPcr7K1tqrB9ruvuN+vF8wqY=
github.com/0xrawsec/golang-win32 v1.0.2/go.mod h1:MAxVU7dr8lujwknuhf4TwjYm8tVEELi2zwx1zDTu/RM=
github.com/0xrawsec/golang-win32 v1.0.3 h1:bi9caxjozr/2svI5Z4ngs016YQg6JkUC9SpGWfCNO+0=
github.com/0xrawsec/golang-win32 v1.0.3/go.mod h1:MAxVU7dr8lujwknuhf4TwjYm8tVEELi2zwx1zDTu/RM=
github.com/0xrawsec/mux v1.6.2 h1:cc2OyJTxRmXxsmQe2ulp0VndXV8vZIRrc1JqQzJ4BMI=
github.com/0xrawsec/mux v1.6.2/go.mod h1:CiOvEAd+RMn8YOtCs1b5QfWe7P8G4olvTmzzNbERonY=
github.com/DataDog/zstd v1.4.0/go.mod h1:1jcaCB/ufaK+sKp1NBhlGmpz41jOoPQ35bpF36t7BBo=
github.com/DataDog/zstd v1.4.1/go.mod h1:1jcaCB/ufaK+sKp1NBhlGmpz41jOoPQ35bpF36t7BBo=
github.com/eapache/go-xerial-snappy v0.0.0-20180814174437-776d5712da21/go.mod h1:+020luEh2TKB4/GOp8oxxtq0Daoen/Cii55CzbTV6DU=
github.com/golang/snappy v0.0.1/go.mod h1:/XxbfmMg8lxefKM7IXC3fBNl/7bRcc72aCRzEWrmP2Q=
github.com/kr/fs v0.1.0/go.mod h1:FFnZGqtBN9Gxj7eW1uZ42v5BccTP0vu6NEaFoC2HwRg=
github.com/pierrec/lz4 v2.0.5+incompatible/go.mod h1:pdkljMzZIN41W+lC3N2tnIh5sFi+IEE17M5jbnwPHcY=
github.com/pierrec/lz4 v2.2.6+incompatible/go.mod h1:pdkljMzZIN41W+lC3N2tnIh5sFi+IEE17M5jbnwPHcY=
github.com/pkg/errors v0.8.1/go.mod h1:bwawxfHBFNV+L2hUp1rHADufV3IMtnDRdf1r5NINEl0=
github.com/pkg/sftp v1.10.0/go.mod h1:NxmoDg/QLVWluQDUYG7XBZTLUpKeFa8e3aMf1BfjyHk=
github.com/segmentio/kafka-go v0.2.2/go.mod h1:X6itGqS9L4jDletMsxZ7Dz+JFWxM6JHfPOCvTvk+EJo=
github.com/segmentio/kafka-go v0.3.2/go.mod h1:OT5KXBPbaJJTcvokhWR2KFmm0niEx3mnccTwjmLvSi4=
github.com/xdg/scram v0.0.0-20180814205039-7eeb5667e42c/go.mod h1:lB8K/P019DLNhemzwFU4jHLhdvlE6uDZjXFejJXr49I=
github.com/xdg/stringprep v1.0.0/go.mod h1:Jhud4/sHMO4oL310DaZAKk9ZaJ08SJfe+sJh0HrGL1Y=
golang.org/x/crypto v0.0.0-20190308221718-c2843e01d9a2/go.mod h1:djNgcEr1/C05ACkg1iLfiJU5Ep61QUkGW8qpdssI0+w=
golang.org/x/crypto v0.0.0-20190320223903-b7391e95e576/go.mod h1:djNgcEr1/C05ACkg1iLfiJU5Ep61QUkGW8qpdssI0+w=
golang.org/x/crypto v0.0.0-20190325154230-a5d413f7728c/go.mod h1:djNgcEr1/C05ACkg1iLfiJU5Ep61QUkGW8qpdssI0+w=
golang.org/x/crypto v0.0.0-20190404164418-38d8ce5564a5/go.mod h1:WFFai1msRO1wXaEeE5yQxYXgSfI8pQAWXbQop6sCtWE=
golang.org/x/crypto v0.0.0-20190506204251-e1dfcc566284/go.mod h1:yigFU9vqHzYiE8UmvKecakEJjdnWj3jj499lnFckfCI=
golang.org/x/crypto v0.0.0-20190513172903-22d7a77e9e5f/go.mod h1:yigFU9vqHzYiE8UmvKecakEJjdnWj3jj499lnFckfCI=
golang.org/x/crypto v0.0.0-20190621222207-cc06ce4a13d4/go.mod h1:yigFU9vqHzYiE8UmvKecakEJjdnWj3jj499lnFckfCI=
golang.org/x/crypto v0.0.0-20190701094942-4def268fd1a4/go.mod h1:yigFU9vqHzYiE8UmvKecakEJjdnWj3jj499lnFckfCI=
golang.org/x/crypto v0.0.0-20190820162420-60c769a6c586/go.mod h1:yigFU9vqHzYiE8UmvKecakEJjdnWj3jj499lnFckfCI=
golang.org/x/net v0.0.0-20190311183353-d8887717615a/go.mod h1:t9HGtf8HONx5eT2rtn7q6eTqICYqUVnKs3thJo3Qplg=
golang.org/x/net v0.0.0-20190320064053-1272bf9dcd53/go.mod h1:t9HGtf8HONx5eT2rtn7q6eTqICYqUVnKs3thJo3Qplg=
golang.org/x/net v0.0.0-20190326090315-15845e8f865b/go.mod h1:t9HGtf8HONx5eT2rtn7q6eTqICYqUVnKs3thJo3Qplg=
golang.org/x/net v0.0.0-20190328230028-74de082e2cca/go.mod h1:t9HGtf8HONx5eT2rtn7q6eTqICYqUVnKs3thJo3Qplg=
golang.org/x/net v0.0.0-20190404232315-eb5bcb51f2a3/go.mod h1:t9HGtf8HONx5eT2rtn7q6eTqICYqUVnKs3thJo3Qplg=
golang.org/x/net v0.0.0-20190520210107-018c4d40a106/go.mod h1:t9HGtf8HONx5eT2rtn7q6eTqICYqUVnKs3thJo3Qplg=
golang.org/x/net v0.0.0-20190522155817-f3200d17e092/go.mod h1:HSz+uSET+XFnRR8LxR5pz3Of3rY3CfYBVs4xY44aLks=
golang.org/x/net v0.0.0-20190620200207-3b0461eec859/go.mod h1:z5CRVTTTmAJ677TzLLGU+0bjPO0LkuOLi4/5GtJWs/s=
golang.org/x/net v0.0.0-20190628185345-da137c7871d7/go.mod h1:z5CRVTTTmAJ677TzLLGU+0bjPO0LkuOLi4/5GtJWs/s=
golang.org/x/net v0.0.0-20190813141303-74dc4d7220e7/go.mod h1:z5CRVTTTmAJ677TzLLGU+0bjPO0LkuOLi4/5GtJWs/s=
golang.org/x/sync v0.0.0-20190423024810-112230192c58/go.mod h1:RxMgew5VJxzue5/jJTE5uejpjVlOe/izrB70Jof72aM=
golang.org/x/sys v0.0.0-20190215142949-d0b11bdaac8a/go.mod h1:STP8DvDyc/dI5b8T5hshtkjS+E42TnysNCUPdjciGhY=
golang.org/x/sys v0.0.0-20190321052220-f7bb7a8bee54/go.mod h1:h1NjWce9XRLGQEsW7wpKNCjG9DtNlClVuFLEZdDNbEs=
golang.org/x/sys v0.0.0-20190322080309-f49334f85ddc/go.mod h1:h1NjWce9XRLGQEsW7wpKNCjG9DtNlClVuFLEZdDNbEs=
golang.org/x/sys v0.0.0-20190329044733-9eb1bfa1ce65/go.mod h1:h1NjWce9XRLGQEsW7wpKNCjG9DtNlClVuFLEZdDNbEs=
golang.org/x/sys v0.0.0-20190403152447-81d4e9dc473e/go.mod h1:h1NjWce9XRLGQEsW7wpKNCjG9DtNlClVuFLEZdDNbEs=
golang.org/x/sys v0.0.0-20190405154228-4b34438f7a67/go.mod h1:h1NjWce9XRLGQEsW7wpKNCjG9DtNlClVuFLEZdDNbEs=
golang.org/x/sys v0.0.0-20190412213103-97732733099d/go.mod h1:h1NjWce9XRLGQEsW7wpKNCjG9DtNlClVuFLEZdDNbEs=
golang.org/x/sys v0.0.0-20190520201301-c432e742b0af/go.mod h1:h1NjWce9XRLGQEsW7wpKNCjG9DtNlClVuFLEZdDNbEs=
golang.org/x/sys v0.0.0-20190522044717-8097e1b27ff5 h1:f005F/Jl5JLP036x7QIvUVhNTqxvSYwFIiyOh2q12iU=
golang.org/x/sys v0.0.0-20190522044717-8097e1b27ff5/go.mod h1:h1NjWce9XRLGQEsW7wpKNCjG9DtNlClVuFLEZdDNbEs=
golang.org/x/sys v0.0.0-20190526052359-791d8a0f4d09 h1:IlD35wZE03o2qJy2o37WIskL33b7PT6cHdGnE8bieZs=
golang.org/x/sys v0.0.0-20190526052359-791d8a0f4d09/go.mod h1:h1NjWce9XRLGQEsW7wpKNCjG9DtNlClVuFLEZdDNbEs=
golang.org/x/sys v0.0.0-20190626150813-e07cf5db2756/go.mod h1:h1NjWce9XRLGQEsW7wpKNCjG9DtNlClVuFLEZdDNbEs=
golang.org/x/sys v0.0.0-20190626221950-04f50cda93cb h1:fgwFCsaw9buMuxNd6+DQfAuSFqbNiQZpcgJQAgJsK6k=
golang.org/x/sys v0.0.0-20190626221950-04f50cda93cb/go.mod h1:h1NjWce9XRLGQEsW7wpKNCjG9DtNlClVuFLEZdDNbEs=
golang.org/x/sys v0.0.0-20190710143415-6ec70d6a5542 h1:6ZQFf1D2YYDDI7eSwW8adlkkavTB9sw5I24FVtEvNUQ=
golang.org/x/sys v0.0.0-20190710143415-6ec70d6a5542/go.mod h1:h1NjWce9XRLGQEsW7wpKNCjG9DtNlClVuFLEZdDNbEs=
golang.org/x/sys v0.0.0-20190712062909-fae7ac547cb7 h1:LepdCS8Gf/MVejFIt8lsiexZATdoGVyp5bcyS+rYoUI=
golang.org/x/sys v0.0.0-20190712062909-fae7ac547cb7/go.mod h1:h1NjWce9XRLGQEsW7wpKNCjG9DtNlClVuFLEZdDNbEs=
golang.org/x/sys v0.0.0-20190813064441-fde4db37ae7a h1:aYOabOQFp6Vj6W1F80affTUvO9UxmJRx8K0gsfABByQ=
golang.org/x/sys v0.0.0-20190813064441-fde4db37ae7a/go.mod h1:h1NjWce9XRLGQEsW7wpKNCjG9DtNlClVuFLEZdDNbEs=
golang.org/x/text v0.3.0/go.mod h1:NqM8EUOU14njkJ3fqMW+pc6Ldnwhi/IjpwHt7yyuwOQ=
golang.org/x/text v0.3.2/go.mod h1:bEr9sfX3Q8Zfm5fL9x+3itogRgK3+ptLWKqgva+5dAk=
golang.org/x/tools v0.0.0-20180917221912-90fa682c2a6e/go.mod h1:n7NCudcB/nEzxVGmLbDWY5pfWTLqBcC2KZ6jyYvM4mQ=
golang.org/x/tools v0.0.0-20190320215829-36c10c0a621f/go.mod h1:LCzVGOaR6xXOjkQ3onu1FJEFr0SW1gC7cKk1uF8kGRs=
golang.org/x/tools v0.0.0-20190321211322-a94d7df2cbc8/go.mod h1:LCzVGOaR6xXOjkQ3onu1FJEFr0SW1gC7cKk1uF8kGRs=
golang.org/x/tools v0.0.0-20190326204419-b8c0eb491124/go.mod h1:LCzVGOaR6xXOjkQ3onu1FJEFr0SW1gC7cKk1uF8kGRs=
golang.org/x/tools v0.0.0-20190326221639-3ad05305c9b0/go.mod h1:LCzVGOaR6xXOjkQ3onu1FJEFr0SW1gC7cKk1uF8kGRs=
golang.org/x/tools v0.0.0-20190401202758-5bca5db4cb6b/go.mod h1:LCzVGOaR6xXOjkQ3onu1FJEFr0SW1gC7cKk1uF8kGRs=
golang.org/x/tools v0.0.0-20190405180640-052fc3cfdbc2/go.mod h1:LCzVGOaR6xXOjkQ3onu1FJEFr0SW1gC7cKk1uF8kGRs=
golang.org/x/tools v0.0.0-20190520200954-7e7c6e521403/go.mod h1:RgjU9mgBXZiqYHBnxXauZ1Gv1EHHAz9KjViQ78xBX0Q=
golang.org/x/tools v0.0.0-20190525145741-7be61e1b0e51/go.mod h1:RgjU9mgBXZiqYHBnxXauZ1Gv1EHHAz9KjViQ78xBX0Q=
golang.org/x/tools v0.0.0-20190612231717-10539ce30318/go.mod h1:/rFqwRUd4F7ZHNgwSSTFct+R/Kf4OFW1sUzUTQQTgfc=
golang.org/x/tools v0.0.0-20190625160430-252024b82959/go.mod h1:/rFqwRUd4F7ZHNgwSSTFct+R/Kf4OFW1sUzUTQQTgfc=
golang.org/x/tools v0.0.0-20190627033414-4874f863e654/go.mod h1:F+l5rz3/Uc0BJWNSxc0r6FcPZ3lxfduWytgpR5peIOQ=
golang.org/x/tools v0.0.0-20190628222527-fb37f6ba8261/go.mod h1:jcCCGcm9btYwXyDqrUWc6MKQKKGJCWEQ3AfLSRIbEuI=
golang.org/x/tools v0.0.0-20190711191110-9a621aea19f8/go.mod h1:jcCCGcm9btYwXyDqrUWc6MKQKKGJCWEQ3AfLSRIbEuI=
golang.org/x/tools v0.0.0-20190718200317-82a3ea8a504c/go.mod h1:jcCCGcm9btYwXyDqrUWc6MKQKKGJCWEQ3AfLSRIbEuI=
golang.org/x/tools v0.0.0-20190719005602-e377ae9d6386/go.mod h1:jcCCGcm9btYwXyDqrUWc6MKQKKGJCWEQ3AfLSRIbEuI=
golang.org/x/tools v0.0.0-20190820203921-3aeeb259764d/go.mod h1:b+2E5dAYhXwXZwtnZ6UAqBI28+e2cm9otk0dWdXHAEo=
golang.org/x/tools v0.0.0-20190821162956-65e3620a7ae7/go.mod h1:b+2E5dAYhXwXZwtnZ6UAqBI28+e2cm9otk0dWdXHAEo=
golang.org/x/tools/gopls v0.1.0/go.mod h1:p8Q0IUu6EEeGxqmoN/g6Et3gReLCGA7PtNRdyOxcWJE=
golang.org/x/xerrors v0.0.0-20190717185122-a985d3407aa7/go.mod h1:I/5z698sn9Ka8TeJc9MKroUUfqBBauWjQqLJ2OPfmY0=
